{
  
  "name": "showroom-praxis",
  
  "version": "1.0.0",
  
  "lockfileVersion": 2,
  
  "requires": true,
  
  "packages": {
  
    
  "": {
  
    
    
  "name": "showroom-praxis",
  
    
    
  "version": "1.0.0",
  
    
    
  "dependencies": {
  
    
    
    
  "@babylonjs/core": "^8.10.0",
  
    
    
    
  "@babylonjs/gui": "^8.10.0",
  
    
    
    
  "showroom-praxis": "file:"
  
    
    
  }
  
    
  },
  
    
  "node_modules/@babylonjs/core": {
  
    
    
  "version": "8.10.0",
  
    
    
  "resolved": "https://registry.npmjs.org/@babylonjs/core/-/core-8.10.0.tgz",
  
    
    
  "integrity": "sha512-oKmkmnYYgTtGTb8xf9o3tjEJOuQlFV366+PXkG2L9yxG7bYDTR13vMc+rDqo8lSpW02HVC0CjNxh4WmxZwAsRA=="
  
    
  },
  
    
  "node_modules/@babylonjs/gui": {
  
    
    
  "version": "8.10.0",
  
    
    
  "resolved": "https://registry.npmjs.org/@babylonjs/gui/-/gui-8.10.0.tgz",
  
    
    
  "integrity": "sha512-Xk66140fCNRiNrqWr7hiZNxe+2ytvJg9/ZalwbVxKM/J+LXunFY1J4t6bTWutFjrhdpajjo1Df3gtznAnQgkvQ==",
  
    
    
  "peerDependencies": {
  
    
    
    
  "@babylonjs/core": "^8.0.0"
  
    
    
  }
  
    
  },
  
    
  "node_modules/showroom-praxis": {
  
    
    
  "resolved": "",
  
    
    
  "link": true
  
    
  }
  
  },
  
  "dependencies": {
  
    
  "@babylonjs/core": {
  
    
    
  "version": "8.10.0",
  
    
    
  "resolved": "https://registry.npmjs.org/@babylonjs/core/-/core-8.10.0.tgz",
  
    
    
  "integrity": "sha512-oKmkmnYYgTtGTb8xf9o3tjEJOuQlFV366+PXkG2L9yxG7bYDTR13vMc+rDqo8lSpW02HVC0CjNxh4WmxZwAsRA=="
  
    
  },
  
    
  "@babylonjs/gui": {
  
    
    
  "version": "8.10.0",
  
    
    
  "resolved": "https://registry.npmjs.org/@babylonjs/gui/-/gui-8.10.0.tgz",
  
    
    
  "integrity": "sha512-Xk66140fCNRiNrqWr7hiZNxe+2ytvJg9/ZalwbVxKM/J+LXunFY1J4t6bTWutFjrhdpajjo1Df3gtznAnQgkvQ==",
  
    
    
  "requires": {}
  
    
  },
  
    
  "showroom-praxis": {
  
    
    
  "version": "file:",
  
    
    
  "requires": {
  
    
    
    
  "@babylonjs/core": "^8.10.0",
  
    
    
    
  "@babylonjs/gui": "^8.10.0",
  
    
    
    
  "showroom-praxis": "file:"
  
    
    
  },
  
    
    
  "dependencies": {
  
    
    
    
  "@babylonjs/core": {
  
    
    
    
    
  "version": "8.10.0",
  
    
    
    
    
  "resolved": "https://registry.npmjs.org/@babylonjs/core/-/core-8.10.0.tgz",
  
    
    
    
    
  "integrity": "sha512-oKmkmnYYgTtGTb8xf9o3tjEJOuQlFV366+PXkG2L9yxG7bYDTR13vMc+rDqo8lSpW02HVC0CjNxh4WmxZwAsRA=="
  
    
    
    
  },
  
    
    
    
  "@babylonjs/gui": {
  
    
    
    
    
  "version": "8.10.0",
  
    
    
    
    
  "resolved": "https://registry.npmjs.org/@babylonjs/gui/-/gui-8.10.0.tgz",
  
    
    
    
    
  "integrity": "sha512-Xk66140fCNRiNrqWr7hiZNxe+2ytvJg9/ZalwbVxKM/J+LXunFY1J4t6bTWutFjrhdpajjo1Df3gtznAnQgkvQ==",
  
    
    
    
    
  "requires": {}
  
    
    
    
  }
  
    
    
  }
  
    
  }
  
  }
}
